
Microsoft Visual Studio Solution File, Format Version 12.00
# Visual Studio Version 17
VisualStudioVersion = 17.3.32819.101
MinimumVisualStudioVersion = 10.0.40219.1
Project("{9A19103F-16F7-4668-BE54-9A1E7A4F7556}") = "GICM", "GICM\GICM.csproj", "{41B80676-5CA8-4B18-A645-1BAA72E31B9F}"
EndProject
Project("{2150E333-8FDC-42A3-9474-1A3956D46DE8}") = "1 - Web", "1 - Web", "{89F7DE26-BD7F-49CF-8978-A3859139017C}"
EndProject
Project("{2150E333-8FDC-42A3-9474-1A3956D46DE8}") = "2 - Application", "2 - Application", "{8B0DBC5C-086D-42A6-AF67-B0BC5F25DB97}"
EndProject
Project("{2150E333-8FDC-42A3-9474-1A3956D46DE8}") = "3 - Domain", "3 - Domain", "{3ADC3B7A-4E03-4DF8-9D7F-242ADAEA1332}"
EndProject
Project("{2150E333-8FDC-42A3-9474-1A3956D46DE8}") = "4 - Infra", "4 - Infra", "{C570BAFE-C312-4228-BB43-AF87A2A05526}"
EndProject
Project("{9A19103F-16F7-4668-BE54-9A1E7A4F7556}") = "GICM.Application", "GICM.Application\GICM.Application.csproj", "{F28AD294-6D44-46A1-B336-EC8714B346FD}"
EndProject
Project("{2150E333-8FDC-42A3-9474-1A3956D46DE8}") = "Interfaces", "Interfaces", "{0F22C69A-327F-4A84-9EA1-04B7ED0DEE36}"
EndProject
Project("{2150E333-8FDC-42A3-9474-1A3956D46DE8}") = "Services", "Services", "{BC9939FE-37EC-4460-8517-B15D34B8D4F9}"
EndProject
Project("{2150E333-8FDC-42A3-9474-1A3956D46DE8}") = "ViewModel", "ViewModel", "{AF25775A-0E4C-4B48-9567-F10827B9BB3F}"
EndProject
Project("{2150E333-8FDC-42A3-9474-1A3956D46DE8}") = "4.1 - Data", "4.1 - Data", "{551F4CF0-9C91-4DAC-A691-99983DA04815}"
EndProject
Project("{2150E333-8FDC-42A3-9474-1A3956D46DE8}") = "4.2 - CrossCuttinf", "4.2 - CrossCuttinf", "{794C0C06-F282-4916-9115-3760B73DEBB6}"
EndProject
Project("{9A19103F-16F7-4668-BE54-9A1E7A4F7556}") = "GICM.Domain", "GICM.Domain\GICM.Domain.csproj", "{EC7AE059-D71A-4186-A378-D41200E85F93}"
EndProject
Project("{9A19103F-16F7-4668-BE54-9A1E7A4F7556}") = "GICM.Data", "GICM.Data\GICM.Data.csproj", "{8A4B69F2-2F4F-4275-807B-064E13F7E9F7}"
EndProject
Global
	GlobalSection(SolutionConfigurationPlatforms) = preSolution
		Debug|Any CPU = Debug|Any CPU
		Release|Any CPU = Release|Any CPU
	EndGlobalSection
	GlobalSection(ProjectConfigurationPlatforms) = postSolution
		{41B80676-5CA8-4B18-A645-1BAA72E31B9F}.Debug|Any CPU.ActiveCfg = Debug|Any CPU
		{41B80676-5CA8-4B18-A645-1BAA72E31B9F}.Debug|Any CPU.Build.0 = Debug|Any CPU
		{41B80676-5CA8-4B18-A645-1BAA72E31B9F}.Release|Any CPU.ActiveCfg = Release|Any CPU
		{41B80676-5CA8-4B18-A645-1BAA72E31B9F}.Release|Any CPU.Build.0 = Release|Any CPU
		{F28AD294-6D44-46A1-B336-EC8714B346FD}.Debug|Any CPU.ActiveCfg = Debug|Any CPU
		{F28AD294-6D44-46A1-B336-EC8714B346FD}.Debug|Any CPU.Build.0 = Debug|Any CPU
		{F28AD294-6D44-46A1-B336-EC8714B346FD}.Release|Any CPU.ActiveCfg = Release|Any CPU
		{F28AD294-6D44-46A1-B336-EC8714B346FD}.Release|Any CPU.Build.0 = Release|Any CPU
		{EC7AE059-D71A-4186-A378-D41200E85F93}.Debug|Any CPU.ActiveCfg = Debug|Any CPU
		{EC7AE059-D71A-4186-A378-D41200E85F93}.Debug|Any CPU.Build.0 = Debug|Any CPU
		{EC7AE059-D71A-4186-A378-D41200E85F93}.Release|Any CPU.ActiveCfg = Release|Any CPU
		{EC7AE059-D71A-4186-A378-D41200E85F93}.Release|Any CPU.Build.0 = Release|Any CPU
		{8A4B69F2-2F4F-4275-807B-064E13F7E9F7}.Debug|Any CPU.ActiveCfg = Debug|Any CPU
		{8A4B69F2-2F4F-4275-807B-064E13F7E9F7}.Debug|Any CPU.Build.0 = Debug|Any CPU
		{8A4B69F2-2F4F-4275-807B-064E13F7E9F7}.Release|Any CPU.ActiveCfg = Release|Any CPU
		{8A4B69F2-2F4F-4275-807B-064E13F7E9F7}.Release|Any CPU.Build.0 = Release|Any CPU
	EndGlobalSection
	GlobalSection(SolutionProperties) = preSolution
		HideSolutionNode = FALSE
	EndGlobalSection
	GlobalSection(NestedProjects) = preSolution
		{41B80676-5CA8-4B18-A645-1BAA72E31B9F} = {89F7DE26-BD7F-49CF-8978-A3859139017C}
		{F28AD294-6D44-46A1-B336-EC8714B346FD} = {8B0DBC5C-086D-42A6-AF67-B0BC5F25DB97}
		{0F22C69A-327F-4A84-9EA1-04B7ED0DEE36} = {8B0DBC5C-086D-42A6-AF67-B0BC5F25DB97}
		{BC9939FE-37EC-4460-8517-B15D34B8D4F9} = {8B0DBC5C-086D-42A6-AF67-B0BC5F25DB97}
		{AF25775A-0E4C-4B48-9567-F10827B9BB3F} = {8B0DBC5C-086D-42A6-AF67-B0BC5F25DB97}
		{551F4CF0-9C91-4DAC-A691-99983DA04815} = {C570BAFE-C312-4228-BB43-AF87A2A05526}
		{794C0C06-F282-4916-9115-3760B73DEBB6} = {C570BAFE-C312-4228-BB43-AF87A2A05526}
		{EC7AE059-D71A-4186-A378-D41200E85F93} = {3ADC3B7A-4E03-4DF8-9D7F-242ADAEA1332}
		{8A4B69F2-2F4F-4275-807B-064E13F7E9F7} = {551F4CF0-9C91-4DAC-A691-99983DA04815}
	EndGlobalSection
	GlobalSection(ExtensibilityGlobals) = postSolution
		SolutionGuid = {0A19174F-FF2B-4BF3-9023-D3DB53FD8352}
	EndGlobalSection
EndGlobal
